
Microsoft Visual Studio Solution File, Format Version 12.00
# Visual Studio Version 17
VisualStudioVersion = 17.7.34024.191
MinimumVisualStudioVersion = 10.0.40219.1
Project("{FAE04EC0-301F-11D3-BF4B-00C04F79EFBC}") = "MathingGame", "MathingGame.csproj", "{AFAD9F4B-DA45-4376-B84E-F435972B5BDD}"
EndProject
Global
	GlobalSection(SolutionConfigurationPlatforms) = preSolution
		Debug|Any CPU = Debug|Any CPU
		Release|Any CPU = Release|Any CPU
	EndGlobalSection
	GlobalSection(ProjectConfigurationPlatforms) = postSolution
		{AFAD9F4B-DA45-4376-B84E-F435972B5BDD}.Debug|Any CPU.ActiveCfg = Debug|Any CPU
		{AFAD9F4B-DA45-4376-B84E-F435972B5BDD}.Debug|Any CPU.Build.0 = Debug|Any CPU
		{AFAD9F4B-DA45-4376-B84E-F435972B5BDD}.Release|Any CPU.ActiveCfg = Release|Any CPU
		{AFAD9F4B-DA45-4376-B84E-F435972B5BDD}.Release|Any CPU.Build.0 = Release|Any CPU
	EndGlobalSection
	GlobalSection(SolutionProperties) = preSolution
		HideSolutionNode = FALSE
	EndGlobalSection
	GlobalSection(ExtensibilityGlobals) = postSolution
		SolutionGuid = {B6467158-7F89-4911-A26A-F9807C8BF752}
	EndGlobalSection
EndGlobal
